
Microsoft Visual Studio Solution File, Format Version 12.00
# Visual Studio Version 17
Project("{8BC9CEB8-8B4A-11D0-8D11-00A0C91BC942}") = "ALL_BUILD", "ALL_BUILD.vcxproj", "{15F3E058-A9C2-3B27-92CE-6C13E1AD9B1A}"
	ProjectSection(ProjectDependencies) = postProject
		{A366B45D-F4BE-385B-ABAF-05827A405595} = {A366B45D-F4BE-385B-ABAF-05827A405595}
		{86428785-920B-34B5-9C92-980D6F104E28} = {86428785-920B-34B5-9C92-980D6F104E28}
		{F0664205-D658-38B9-9DCB-35F05A5159AA} = {F0664205-D658-38B9-9DCB-35F05A5159AA}
		{0214BFD4-7122-3D5C-999E-0B05A4A320CC} = {0214BFD4-7122-3D5C-999E-0B05A4A320CC}
		{E2FF0169-E76C-343E-8908-7ED0DEEA3084} = {E2FF0169-E76C-343E-8908-7ED0DEEA3084}
		{5B02FFA5-DE22-3614-A89E-4DE7F12F4DF5} = {5B02FFA5-DE22-3614-A89E-4DE7F12F4DF5}
		{40741AAE-93C0-3A5E-8B3B-C953EC9896D5} = {40741AAE-93C0-3A5E-8B3B-C953EC9896D5}
		{B2181036-DB79-379B-B0CF-DB6D90E170D6} = {B2181036-DB79-379B-B0CF-DB6D90E170D6}
		{54CFCBEE-4600-306A-B498-4FDF1D401501} = {54CFCBEE-4600-306A-B498-4FDF1D401501}
		{2C5687D3-C06B-398C-A1A1-4BE0E4F35E9B} = {2C5687D3-C06B-398C-A1A1-4BE0E4F35E9B}
		{B790AA24-BD8D-33D8-8E4B-81502882B8C2} = {B790AA24-BD8D-33D8-8E4B-81502882B8C2}
		{488B8B24-0238-3FC2-BDF9-5E65739DA800} = {488B8B24-0238-3FC2-BDF9-5E65739DA800}
	EndProjectSection
EndProject
Project("{8BC9CEB8-8B4A-11D0-8D11-00A0C91BC942}") = "Continuous", "Continuous.vcxproj", "{65BCC6F7-F8F7-318A-BAE5-9053EAF26131}"
	ProjectSection(ProjectDependencies) = postProject
		{A366B45D-F4BE-385B-ABAF-05827A405595} = {A366B45D-F4BE-385B-ABAF-05827A405595}
	EndProjectSection
EndProject
Project("{8BC9CEB8-8B4A-11D0-8D11-00A0C91BC942}") = "Experimental", "Experimental.vcxproj", "{2839CF33-2BD8-37B9-AB37-DD5C12F63614}"
	ProjectSection(ProjectDependencies) = postProject
		{A366B45D-F4BE-385B-ABAF-05827A405595} = {A366B45D-F4BE-385B-ABAF-05827A405595}
	EndProjectSection
EndProject
Project("{8BC9CEB8-8B4A-11D0-8D11-00A0C91BC942}") = "INSTALL", "INSTALL.vcxproj", "{7647E5C4-ECF5-32FB-B6FD-4A74793F576E}"
	ProjectSection(ProjectDependencies) = postProject
		{15F3E058-A9C2-3B27-92CE-6C13E1AD9B1A} = {15F3E058-A9C2-3B27-92CE-6C13E1AD9B1A}
		{A366B45D-F4BE-385B-ABAF-05827A405595} = {A366B45D-F4BE-385B-ABAF-05827A405595}
	EndProjectSection
EndProject
Project("{8BC9CEB8-8B4A-11D0-8D11-00A0C91BC942}") = "Nightly", "Nightly.vcxproj", "{D2F6D77F-3D31-370A-8234-C8EF4F6B75F1}"
	ProjectSection(ProjectDependencies) = postProject
		{A366B45D-F4BE-385B-ABAF-05827A405595} = {A366B45D-F4BE-385B-ABAF-05827A405595}
	EndProjectSection
EndProject
Project("{8BC9CEB8-8B4A-11D0-8D11-00A0C91BC942}") = "NightlyMemoryCheck", "NightlyMemoryCheck.vcxproj", "{72E265F4-7B8E-339B-9C6C-1A001E3167FF}"
	ProjectSection(ProjectDependencies) = postProject
		{A366B45D-F4BE-385B-ABAF-05827A405595} = {A366B45D-F4BE-385B-ABAF-05827A405595}
	EndProjectSection
EndProject
Project("{8BC9CEB8-8B4A-11D0-8D11-00A0C91BC942}") = "RUN_TESTS", "RUN_TESTS.vcxproj", "{321D0577-9B53-36BD-8A07-4C8D1DC4075D}"
	ProjectSection(ProjectDependencies) = postProject
		{A366B45D-F4BE-385B-ABAF-05827A405595} = {A366B45D-F4BE-385B-ABAF-05827A405595}
	EndProjectSection
EndProject
Project("{8BC9CEB8-8B4A-11D0-8D11-00A0C91BC942}") = "ZERO_CHECK", "ZERO_CHECK.vcxproj", "{A366B45D-F4BE-385B-ABAF-05827A405595}"
	ProjectSection(ProjectDependencies) = postProject
	EndProjectSection
EndProject
Project("{8BC9CEB8-8B4A-11D0-8D11-00A0C91BC942}") = "basic_sgd_example", "examples\basic_sgd_example.vcxproj", "{86428785-920B-34B5-9C92-980D6F104E28}"
	ProjectSection(ProjectDependencies) = postProject
		{A366B45D-F4BE-385B-ABAF-05827A405595} = {A366B45D-F4BE-385B-ABAF-05827A405595}
		{2C5687D3-C06B-398C-A1A1-4BE0E4F35E9B} = {2C5687D3-C06B-398C-A1A1-4BE0E4F35E9B}
	EndProjectSection
EndProject
Project("{8BC9CEB8-8B4A-11D0-8D11-00A0C91BC942}") = "bench_adam", "benchmarks\bench_adam.vcxproj", "{F0664205-D658-38B9-9DCB-35F05A5159AA}"
	ProjectSection(ProjectDependencies) = postProject
		{A366B45D-F4BE-385B-ABAF-05827A405595} = {A366B45D-F4BE-385B-ABAF-05827A405595}
		{2C5687D3-C06B-398C-A1A1-4BE0E4F35E9B} = {2C5687D3-C06B-398C-A1A1-4BE0E4F35E9B}
	EndProjectSection
EndProject
Project("{8BC9CEB8-8B4A-11D0-8D11-00A0C91BC942}") = "bench_cpu_vs_gpu", "benchmarks\bench_cpu_vs_gpu.vcxproj", "{0214BFD4-7122-3D5C-999E-0B05A4A320CC}"
	ProjectSection(ProjectDependencies) = postProject
		{A366B45D-F4BE-385B-ABAF-05827A405595} = {A366B45D-F4BE-385B-ABAF-05827A405595}
		{2C5687D3-C06B-398C-A1A1-4BE0E4F35E9B} = {2C5687D3-C06B-398C-A1A1-4BE0E4F35E9B}
	EndProjectSection
EndProject
Project("{8BC9CEB8-8B4A-11D0-8D11-00A0C91BC942}") = "bench_sgd", "benchmarks\bench_sgd.vcxproj", "{E2FF0169-E76C-343E-8908-7ED0DEEA3084}"
	ProjectSection(ProjectDependencies) = postProject
		{A366B45D-F4BE-385B-ABAF-05827A405595} = {A366B45D-F4BE-385B-ABAF-05827A405595}
		{2C5687D3-C06B-398C-A1A1-4BE0E4F35E9B} = {2C5687D3-C06B-398C-A1A1-4BE0E4F35E9B}
	EndProjectSection
EndProject
Project("{8BC9CEB8-8B4A-11D0-8D11-00A0C91BC942}") = "gmock", "_deps\googletest-build\googlemock\gmock.vcxproj", "{5B02FFA5-DE22-3614-A89E-4DE7F12F4DF5}"
	ProjectSection(ProjectDependencies) = postProject
		{A366B45D-F4BE-385B-ABAF-05827A405595} = {A366B45D-F4BE-385B-ABAF-05827A405595}
	EndProjectSection
EndProject
Project("{8BC9CEB8-8B4A-11D0-8D11-00A0C91BC942}") = "gmock_main", "_deps\googletest-build\googlemock\gmock_main.vcxproj", "{40741AAE-93C0-3A5E-8B3B-C953EC9896D5}"
	ProjectSection(ProjectDependencies) = postProject
		{A366B45D-F4BE-385B-ABAF-05827A405595} = {A366B45D-F4BE-385B-ABAF-05827A405595}
	EndProjectSection
EndProject
Project("{8BC9CEB8-8B4A-11D0-8D11-00A0C91BC942}") = "gtest", "_deps\googletest-build\googletest\gtest.vcxproj", "{B2181036-DB79-379B-B0CF-DB6D90E170D6}"
	ProjectSection(ProjectDependencies) = postProject
		{A366B45D-F4BE-385B-ABAF-05827A405595} = {A366B45D-F4BE-385B-ABAF-05827A405595}
	EndProjectSection
EndProject
Project("{8BC9CEB8-8B4A-11D0-8D11-00A0C91BC942}") = "gtest_main", "_deps\googletest-build\googletest\gtest_main.vcxproj", "{54CFCBEE-4600-306A-B498-4FDF1D401501}"
	ProjectSection(ProjectDependencies) = postProject
		{A366B45D-F4BE-385B-ABAF-05827A405595} = {A366B45D-F4BE-385B-ABAF-05827A405595}
		{B2181036-DB79-379B-B0CF-DB6D90E170D6} = {B2181036-DB79-379B-B0CF-DB6D90E170D6}
	EndProjectSection
EndProject
Project("{8BC9CEB8-8B4A-11D0-8D11-00A0C91BC942}") = "nexus_optim", "nexus_optim.vcxproj", "{2C5687D3-C06B-398C-A1A1-4BE0E4F35E9B}"
	ProjectSection(ProjectDependencies) = postProject
		{A366B45D-F4BE-385B-ABAF-05827A405595} = {A366B45D-F4BE-385B-ABAF-05827A405595}
	EndProjectSection
EndProject
Project("{8BC9CEB8-8B4A-11D0-8D11-00A0C91BC942}") = "nexus_optim_tests", "tests\nexus_optim_tests.vcxproj", "{B790AA24-BD8D-33D8-8E4B-81502882B8C2}"
	ProjectSection(ProjectDependencies) = postProject
		{A366B45D-F4BE-385B-ABAF-05827A405595} = {A366B45D-F4BE-385B-ABAF-05827A405595}
		{B2181036-DB79-379B-B0CF-DB6D90E170D6} = {B2181036-DB79-379B-B0CF-DB6D90E170D6}
		{54CFCBEE-4600-306A-B498-4FDF1D401501} = {54CFCBEE-4600-306A-B498-4FDF1D401501}
		{2C5687D3-C06B-398C-A1A1-4BE0E4F35E9B} = {2C5687D3-C06B-398C-A1A1-4BE0E4F35E9B}
	EndProjectSection
EndProject
Project("{8BC9CEB8-8B4A-11D0-8D11-00A0C91BC942}") = "train_loop_with_nexus_optim", "examples\train_loop_with_nexus_optim.vcxproj", "{488B8B24-0238-3FC2-BDF9-5E65739DA800}"
	ProjectSection(ProjectDependencies) = postProject
		{A366B45D-F4BE-385B-ABAF-05827A405595} = {A366B45D-F4BE-385B-ABAF-05827A405595}
		{2C5687D3-C06B-398C-A1A1-4BE0E4F35E9B} = {2C5687D3-C06B-398C-A1A1-4BE0E4F35E9B}
	EndProjectSection
EndProject
Global
	GlobalSection(SolutionConfigurationPlatforms) = preSolution
		Debug|x64 = Debug|x64
		Release|x64 = Release|x64
		MinSizeRel|x64 = MinSizeRel|x64
		RelWithDebInfo|x64 = RelWithDebInfo|x64
	EndGlobalSection
	GlobalSection(ProjectConfigurationPlatforms) = postSolution
		{15F3E058-A9C2-3B27-92CE-6C13E1AD9B1A}.Debug|x64.ActiveCfg = Debug|x64
		{15F3E058-A9C2-3B27-92CE-6C13E1AD9B1A}.Debug|x64.Build.0 = Debug|x64
		{15F3E058-A9C2-3B27-92CE-6C13E1AD9B1A}.Release|x64.ActiveCfg = Release|x64
		{15F3E058-A9C2-3B27-92CE-6C13E1AD9B1A}.Release|x64.Build.0 = Release|x64
		{15F3E058-A9C2-3B27-92CE-6C13E1AD9B1A}.MinSizeRel|x64.ActiveCfg = MinSizeRel|x64
		{15F3E058-A9C2-3B27-92CE-6C13E1AD9B1A}.MinSizeRel|x64.Build.0 = MinSizeRel|x64
		{15F3E058-A9C2-3B27-92CE-6C13E1AD9B1A}.RelWithDebInfo|x64.ActiveCfg = RelWithDebInfo|x64
		{15F3E058-A9C2-3B27-92CE-6C13E1AD9B1A}.RelWithDebInfo|x64.Build.0 = RelWithDebInfo|x64
		{65BCC6F7-F8F7-318A-BAE5-9053EAF26131}.Debug|x64.ActiveCfg = Debug|x64
		{65BCC6F7-F8F7-318A-BAE5-9053EAF26131}.Release|x64.ActiveCfg = Release|x64
		{65BCC6F7-F8F7-318A-BAE5-9053EAF26131}.MinSizeRel|x64.ActiveCfg = MinSizeRel|x64
		{65BCC6F7-F8F7-318A-BAE5-9053EAF26131}.RelWithDebInfo|x64.ActiveCfg = RelWithDebInfo|x64
		{2839CF33-2BD8-37B9-AB37-DD5C12F63614}.Debug|x64.ActiveCfg = Debug|x64
		{2839CF33-2BD8-37B9-AB37-DD5C12F63614}.Release|x64.ActiveCfg = Release|x64
		{2839CF33-2BD8-37B9-AB37-DD5C12F63614}.MinSizeRel|x64.ActiveCfg = MinSizeRel|x64
		{2839CF33-2BD8-37B9-AB37-DD5C12F63614}.RelWithDebInfo|x64.ActiveCfg = RelWithDebInfo|x64
		{7647E5C4-ECF5-32FB-B6FD-4A74793F576E}.Debug|x64.ActiveCfg = Debug|x64
		{7647E5C4-ECF5-32FB-B6FD-4A74793F576E}.Release|x64.ActiveCfg = Release|x64
		{7647E5C4-ECF5-32FB-B6FD-4A74793F576E}.MinSizeRel|x64.ActiveCfg = MinSizeRel|x64
		{7647E5C4-ECF5-32FB-B6FD-4A74793F576E}.RelWithDebInfo|x64.ActiveCfg = RelWithDebInfo|x64
		{D2F6D77F-3D31-370A-8234-C8EF4F6B75F1}.Debug|x64.ActiveCfg = Debug|x64
		{D2F6D77F-3D31-370A-8234-C8EF4F6B75F1}.Release|x64.ActiveCfg = Release|x64
		{D2F6D77F-3D31-370A-8234-C8EF4F6B75F1}.MinSizeRel|x64.ActiveCfg = MinSizeRel|x64
		{D2F6D77F-3D31-370A-8234-C8EF4F6B75F1}.RelWithDebInfo|x64.ActiveCfg = RelWithDebInfo|x64
		{72E265F4-7B8E-339B-9C6C-1A001E3167FF}.Debug|x64.ActiveCfg = Debug|x64
		{72E265F4-7B8E-339B-9C6C-1A001E3167FF}.Release|x64.ActiveCfg = Release|x64
		{72E265F4-7B8E-339B-9C6C-1A001E3167FF}.MinSizeRel|x64.ActiveCfg = MinSizeRel|x64
		{72E265F4-7B8E-339B-9C6C-1A001E3167FF}.RelWithDebInfo|x64.ActiveCfg = RelWithDebInfo|x64
		{321D0577-9B53-36BD-8A07-4C8D1DC4075D}.Debug|x64.ActiveCfg = Debug|x64
		{321D0577-9B53-36BD-8A07-4C8D1DC4075D}.Release|x64.ActiveCfg = Release|x64
		{321D0577-9B53-36BD-8A07-4C8D1DC4075D}.MinSizeRel|x64.ActiveCfg = MinSizeRel|x64
		{321D0577-9B53-36BD-8A07-4C8D1DC4075D}.RelWithDebInfo|x64.ActiveCfg = RelWithDebInfo|x64
		{A366B45D-F4BE-385B-ABAF-05827A405595}.Debug|x64.ActiveCfg = Debug|x64
		{A366B45D-F4BE-385B-ABAF-05827A405595}.Debug|x64.Build.0 = Debug|x64
		{A366B45D-F4BE-385B-ABAF-05827A405595}.Release|x64.ActiveCfg = Release|x64
		{A366B45D-F4BE-385B-ABAF-05827A405595}.Release|x64.Build.0 = Release|x64
		{A366B45D-F4BE-385B-ABAF-05827A405595}.MinSizeRel|x64.ActiveCfg = MinSizeRel|x64
		{A366B45D-F4BE-385B-ABAF-05827A405595}.MinSizeRel|x64.Build.0 = MinSizeRel|x64
		{A366B45D-F4BE-385B-ABAF-05827A405595}.RelWithDebInfo|x64.ActiveCfg = RelWithDebInfo|x64
		{A366B45D-F4BE-385B-ABAF-05827A405595}.RelWithDebInfo|x64.Build.0 = RelWithDebInfo|x64
		{86428785-920B-34B5-9C92-980D6F104E28}.Debug|x64.ActiveCfg = Debug|x64
		{86428785-920B-34B5-9C92-980D6F104E28}.Debug|x64.Build.0 = Debug|x64
		{86428785-920B-34B5-9C92-980D6F104E28}.Release|x64.ActiveCfg = Release|x64
		{86428785-920B-34B5-9C92-980D6F104E28}.Release|x64.Build.0 = Release|x64
		{86428785-920B-34B5-9C92-980D6F104E28}.MinSizeRel|x64.ActiveCfg = MinSizeRel|x64
		{86428785-920B-34B5-9C92-980D6F104E28}.MinSizeRel|x64.Build.0 = MinSizeRel|x64
		{86428785-920B-34B5-9C92-980D6F104E28}.RelWithDebInfo|x64.ActiveCfg = RelWithDebInfo|x64
		{86428785-920B-34B5-9C92-980D6F104E28}.RelWithDebInfo|x64.Build.0 = RelWithDebInfo|x64
		{F0664205-D658-38B9-9DCB-35F05A5159AA}.Debug|x64.ActiveCfg = Debug|x64
		{F0664205-D658-38B9-9DCB-35F05A5159AA}.Debug|x64.Build.0 = Debug|x64
		{F0664205-D658-38B9-9DCB-35F05A5159AA}.Release|x64.ActiveCfg = Release|x64
		{F0664205-D658-38B9-9DCB-35F05A5159AA}.Release|x64.Build.0 = Release|x64
		{F0664205-D658-38B9-9DCB-35F05A5159AA}.MinSizeRel|x64.ActiveCfg = MinSizeRel|x64
		{F0664205-D658-38B9-9DCB-35F05A5159AA}.MinSizeRel|x64.Build.0 = MinSizeRel|x64
		{F0664205-D658-38B9-9DCB-35F05A5159AA}.RelWithDebInfo|x64.ActiveCfg = RelWithDebInfo|x64
		{F0664205-D658-38B9-9DCB-35F05A5159AA}.RelWithDebInfo|x64.Build.0 = RelWithDebInfo|x64
		{0214BFD4-7122-3D5C-999E-0B05A4A320CC}.Debug|x64.ActiveCfg = Debug|x64
		{0214BFD4-7122-3D5C-999E-0B05A4A320CC}.Debug|x64.Build.0 = Debug|x64
		{0214BFD4-7122-3D5C-999E-0B05A4A320CC}.Release|x64.ActiveCfg = Release|x64
		{0214BFD4-7122-3D5C-999E-0B05A4A320CC}.Release|x64.Build.0 = Release|x64
		{0214BFD4-7122-3D5C-999E-0B05A4A320CC}.MinSizeRel|x64.ActiveCfg = MinSizeRel|x64
		{0214BFD4-7122-3D5C-999E-0B05A4A320CC}.MinSizeRel|x64.Build.0 = MinSizeRel|x64
		{0214BFD4-7122-3D5C-999E-0B05A4A320CC}.RelWithDebInfo|x64.ActiveCfg = RelWithDebInfo|x64
		{0214BFD4-7122-3D5C-999E-0B05A4A320CC}.RelWithDebInfo|x64.Build.0 = RelWithDebInfo|x64
		{E2FF0169-E76C-343E-8908-7ED0DEEA3084}.Debug|x64.ActiveCfg = Debug|x64
		{E2FF0169-E76C-343E-8908-7ED0DEEA3084}.Debug|x64.Build.0 = Debug|x64
		{E2FF0169-E76C-343E-8908-7ED0DEEA3084}.Release|x64.ActiveCfg = Release|x64
		{E2FF0169-E76C-343E-8908-7ED0DEEA3084}.Release|x64.Build.0 = Release|x64
		{E2FF0169-E76C-343E-8908-7ED0DEEA3084}.MinSizeRel|x64.ActiveCfg = MinSizeRel|x64
		{E2FF0169-E76C-343E-8908-7ED0DEEA3084}.MinSizeRel|x64.Build.0 = MinSizeRel|x64
		{E2FF0169-E76C-343E-8908-7ED0DEEA3084}.RelWithDebInfo|x64.ActiveCfg = RelWithDebInfo|x64
		{E2FF0169-E76C-343E-8908-7ED0DEEA3084}.RelWithDebInfo|x64.Build.0 = RelWithDebInfo|x64
		{5B02FFA5-DE22-3614-A89E-4DE7F12F4DF5}.Debug|x64.ActiveCfg = Debug|x64
		{5B02FFA5-DE22-3614-A89E-4DE7F12F4DF5}.Debug|x64.Build.0 = Debug|x64
		{5B02FFA5-DE22-3614-A89E-4DE7F12F4DF5}.Release|x64.ActiveCfg = Release|x64
		{5B02FFA5-DE22-3614-A89E-4DE7F12F4DF5}.Release|x64.Build.0 = Release|x64
		{5B02FFA5-DE22-3614-A89E-4DE7F12F4DF5}.MinSizeRel|x64.ActiveCfg = MinSizeRel|x64
		{5B02FFA5-DE22-3614-A89E-4DE7F12F4DF5}.MinSizeRel|x64.Build.0 = MinSizeRel|x64
		{5B02FFA5-DE22-3614-A89E-4DE7F12F4DF5}.RelWithDebInfo|x64.ActiveCfg = RelWithDebInfo|x64
		{5B02FFA5-DE22-3614-A89E-4DE7F12F4DF5}.RelWithDebInfo|x64.Build.0 = RelWithDebInfo|x64
		{40741AAE-93C0-3A5E-8B3B-C953EC9896D5}.Debug|x64.ActiveCfg = Debug|x64
		{40741AAE-93C0-3A5E-8B3B-C953EC9896D5}.Debug|x64.Build.0 = Debug|x64
		{40741AAE-93C0-3A5E-8B3B-C953EC9896D5}.Release|x64.ActiveCfg = Release|x64
		{40741AAE-93C0-3A5E-8B3B-C953EC9896D5}.Release|x64.Build.0 = Release|x64
		{40741AAE-93C0-3A5E-8B3B-C953EC9896D5}.MinSizeRel|x64.ActiveCfg = MinSizeRel|x64
		{40741AAE-93C0-3A5E-8B3B-C953EC9896D5}.MinSizeRel|x64.Build.0 = MinSizeRel|x64
		{40741AAE-93C0-3A5E-8B3B-C953EC9896D5}.RelWithDebInfo|x64.ActiveCfg = RelWithDebInfo|x64
		{40741AAE-93C0-3A5E-8B3B-C953EC9896D5}.RelWithDebInfo|x64.Build.0 = RelWithDebInfo|x64
		{B2181036-DB79-379B-B0CF-DB6D90E170D6}.Debug|x64.ActiveCfg = Debug|x64
		{B2181036-DB79-379B-B0CF-DB6D90E170D6}.Debug|x64.Build.0 = Debug|x64
		{B2181036-DB79-379B-B0CF-DB6D90E170D6}.Release|x64.ActiveCfg = Release|x64
		{B2181036-DB79-379B-B0CF-DB6D90E170D6}.Release|x64.Build.0 = Release|x64
		{B2181036-DB79-379B-B0CF-DB6D90E170D6}.MinSizeRel|x64.ActiveCfg = MinSizeRel|x64
		{B2181036-DB79-379B-B0CF-DB6D90E170D6}.MinSizeRel|x64.Build.0 = MinSizeRel|x64
		{B2181036-DB79-379B-B0CF-DB6D90E170D6}.RelWithDebInfo|x64.ActiveCfg = RelWithDebInfo|x64
		{B2181036-DB79-379B-B0CF-DB6D90E170D6}.RelWithDebInfo|x64.Build.0 = RelWithDebInfo|x64
		{54CFCBEE-4600-306A-B498-4FDF1D401501}.Debug|x64.ActiveCfg = Debug|x64
		{54CFCBEE-4600-306A-B498-4FDF1D401501}.Debug|x64.Build.0 = Debug|x64
		{54CFCBEE-4600-306A-B498-4FDF1D401501}.Release|x64.ActiveCfg = Release|x64
		{54CFCBEE-4600-306A-B498-4FDF1D401501}.Release|x64.Build.0 = Release|x64
		{54CFCBEE-4600-306A-B498-4FDF1D401501}.MinSizeRel|x64.ActiveCfg = MinSizeRel|x64
		{54CFCBEE-4600-306A-B498-4FDF1D401501}.MinSizeRel|x64.Build.0 = MinSizeRel|x64
		{54CFCBEE-4600-306A-B498-4FDF1D401501}.RelWithDebInfo|x64.ActiveCfg = RelWithDebInfo|x64
		{54CFCBEE-4600-306A-B498-4FDF1D401501}.RelWithDebInfo|x64.Build.0 = RelWithDebInfo|x64
		{2C5687D3-C06B-398C-A1A1-4BE0E4F35E9B}.Debug|x64.ActiveCfg = Debug|x64
		{2C5687D3-C06B-398C-A1A1-4BE0E4F35E9B}.Debug|x64.Build.0 = Debug|x64
		{2C5687D3-C06B-398C-A1A1-4BE0E4F35E9B}.Release|x64.ActiveCfg = Release|x64
		{2C5687D3-C06B-398C-A1A1-4BE0E4F35E9B}.Release|x64.Build.0 = Release|x64
		{2C5687D3-C06B-398C-A1A1-4BE0E4F35E9B}.MinSizeRel|x64.ActiveCfg = MinSizeRel|x64
		{2C5687D3-C06B-398C-A1A1-4BE0E4F35E9B}.MinSizeRel|x64.Build.0 = MinSizeRel|x64
		{2C5687D3-C06B-398C-A1A1-4BE0E4F35E9B}.RelWithDebInfo|x64.ActiveCfg = RelWithDebInfo|x64
		{2C5687D3-C06B-398C-A1A1-4BE0E4F35E9B}.RelWithDebInfo|x64.Build.0 = RelWithDebInfo|x64
		{B790AA24-BD8D-33D8-8E4B-81502882B8C2}.Debug|x64.ActiveCfg = Debug|x64
		{B790AA24-BD8D-33D8-8E4B-81502882B8C2}.Debug|x64.Build.0 = Debug|x64
		{B790AA24-BD8D-33D8-8E4B-81502882B8C2}.Release|x64.ActiveCfg = Release|x64
		{B790AA24-BD8D-33D8-8E4B-81502882B8C2}.Release|x64.Build.0 = Release|x64
		{B790AA24-BD8D-33D8-8E4B-81502882B8C2}.MinSizeRel|x64.ActiveCfg = MinSizeRel|x64
		{B790AA24-BD8D-33D8-8E4B-81502882B8C2}.MinSizeRel|x64.Build.0 = MinSizeRel|x64
		{B790AA24-BD8D-33D8-8E4B-81502882B8C2}.RelWithDebInfo|x64.ActiveCfg = RelWithDebInfo|x64
		{B790AA24-BD8D-33D8-8E4B-81502882B8C2}.RelWithDebInfo|x64.Build.0 = RelWithDebInfo|x64
		{488B8B24-0238-3FC2-BDF9-5E65739DA800}.Debug|x64.ActiveCfg = Debug|x64
		{488B8B24-0238-3FC2-BDF9-5E65739DA800}.Debug|x64.Build.0 = Debug|x64
		{488B8B24-0238-3FC2-BDF9-5E65739DA800}.Release|x64.ActiveCfg = Release|x64
		{488B8B24-0238-3FC2-BDF9-5E65739DA800}.Release|x64.Build.0 = Release|x64
		{488B8B24-0238-3FC2-BDF9-5E65739DA800}.MinSizeRel|x64.ActiveCfg = MinSizeRel|x64
		{488B8B24-0238-3FC2-BDF9-5E65739DA800}.MinSizeRel|x64.Build.0 = MinSizeRel|x64
		{488B8B24-0238-3FC2-BDF9-5E65739DA800}.RelWithDebInfo|x64.ActiveCfg = RelWithDebInfo|x64
		{488B8B24-0238-3FC2-BDF9-5E65739DA800}.RelWithDebInfo|x64.Build.0 = RelWithDebInfo|x64
	EndGlobalSection
	GlobalSection(ExtensibilityGlobals) = postSolution
		SolutionGuid = {38292022-DEFD-3FCA-9883-C0CC5F44CFD3}
	EndGlobalSection
	GlobalSection(ExtensibilityAddIns) = postSolution
	EndGlobalSection
EndGlobal
